
Microsoft Visual Studio Solution File, Format Version 12.00
# Visual Studio for Mac
Project("{FAE04EC0-301F-11D3-BF4B-00C04F79EFBC}") = "Robota", "Robota.csproj", "{4C018D39-EFC8-A98D-6075-38D43EB09977}"
EndProject
Global
	GlobalSection(SolutionConfigurationPlatforms) = preSolution
		Debug|Any CPU = Debug|Any CPU
		Release|Any CPU = Release|Any CPU
	EndGlobalSection
	GlobalSection(ProjectConfigurationPlatforms) = postSolution
		{4C018D39-EFC8-A98D-6075-38D43EB09977}.Debug|Any CPU.ActiveCfg = Debug|Any CPU
		{4C018D39-EFC8-A98D-6075-38D43EB09977}.Debug|Any CPU.Build.0 = Debug|Any CPU
		{4C018D39-EFC8-A98D-6075-38D43EB09977}.Release|Any CPU.ActiveCfg = Release|Any CPU
		{4C018D39-EFC8-A98D-6075-38D43EB09977}.Release|Any CPU.Build.0 = Release|Any CPU
	EndGlobalSection
	GlobalSection(SolutionProperties) = preSolution
		HideSolutionNode = FALSE
	EndGlobalSection
EndGlobal
